// !$*UTF8*$!
{
	archiveVersion = 1;
	classes = {
	};
	objectVersion = 45;
	objects = {

/* Begin PBXBuildFile section */
		93961C8513340DD90067A07A /* WARedirectHandler.h in Headers */ = {isa = PBXBuildFile; fileRef = 93961C8313340DD90067A07A /* WARedirectHandler.h */; settings = {ATTRIBUTES = (Public, ); }; };
		93961C8613340DD90067A07A /* WARedirectHandler.m in Sources */ = {isa = PBXBuildFile; fileRef = 93961C8413340DD90067A07A /* WARedirectHandler.m */; };
		E20B1A27131F252600948E4B /* JavaScriptCore.framework in Frameworks */ = {isa = PBXBuildFile; fileRef = E20B1A26131F252600948E4B /* JavaScriptCore.framework */; };
		E21702C312C9286800DCE8FD /* libicucore.dylib in Frameworks */ = {isa = PBXBuildFile; fileRef = E21702C212C9286800DCE8FD /* libicucore.dylib */; };
		E21702CB12C92C5800DCE8FD /* TFRegex.h in Headers */ = {isa = PBXBuildFile; fileRef = E21702C912C92C5800DCE8FD /* TFRegex.h */; };
		E21702CC12C92C5800DCE8FD /* TFRegex.m in Sources */ = {isa = PBXBuildFile; fileRef = E21702CA12C92C5800DCE8FD /* TFRegex.m */; };
		E21D22B112BC53CE00277F2E /* WAUtilities.h in Headers */ = {isa = PBXBuildFile; fileRef = E21D22AF12BC53CE00277F2E /* WAUtilities.h */; settings = {ATTRIBUTES = (Public, ); }; };
		E21D22B212BC53CE00277F2E /* WAUtilities.m in Sources */ = {isa = PBXBuildFile; fileRef = E21D22B012BC53CE00277F2E /* WAUtilities.m */; };
		E21D231D12BC5D4500277F2E /* FMDatabase.h in Headers */ = {isa = PBXBuildFile; fileRef = E21D231712BC5D4500277F2E /* FMDatabase.h */; };
		E21D231E12BC5D4500277F2E /* FMDatabase.m in Sources */ = {isa = PBXBuildFile; fileRef = E21D231812BC5D4500277F2E /* FMDatabase.m */; };
		E21D231F12BC5D4500277F2E /* FMDatabaseAdditions.h in Headers */ = {isa = PBXBuildFile; fileRef = E21D231912BC5D4500277F2E /* FMDatabaseAdditions.h */; };
		E21D232012BC5D4500277F2E /* FMDatabaseAdditions.m in Sources */ = {isa = PBXBuildFile; fileRef = E21D231A12BC5D4500277F2E /* FMDatabaseAdditions.m */; };
		E21D232112BC5D4500277F2E /* FMResultSet.h in Headers */ = {isa = PBXBuildFile; fileRef = E21D231B12BC5D4500277F2E /* FMResultSet.h */; };
		E21D232212BC5D4500277F2E /* FMResultSet.m in Sources */ = {isa = PBXBuildFile; fileRef = E21D231C12BC5D4500277F2E /* FMResultSet.m */; };
		E21D233212BC5E6A00277F2E /* libsqlite3.dylib in Frameworks */ = {isa = PBXBuildFile; fileRef = E21D233112BC5E6A00277F2E /* libsqlite3.dylib */; };
		E21E76AA12C03DC80082E402 /* WALocalization.h in Headers */ = {isa = PBXBuildFile; fileRef = E21E76A812C03DC80082E402 /* WALocalization.h */; settings = {ATTRIBUTES = (Public, ); }; };
		E21E76AB12C03DC80082E402 /* WALocalization.m in Sources */ = {isa = PBXBuildFile; fileRef = E21E76A912C03DC80082E402 /* WALocalization.m */; };
		E227EC3512D3B67600C9B669 /* WASessionGenerator.h in Headers */ = {isa = PBXBuildFile; fileRef = E227EC3312D3B67600C9B669 /* WASessionGenerator.h */; settings = {ATTRIBUTES = (Public, ); }; };
		E227EC3612D3B67600C9B669 /* WASessionGenerator.m in Sources */ = {isa = PBXBuildFile; fileRef = E227EC3412D3B67600C9B669 /* WASessionGenerator.m */; };
		E227EC4512D3B82F00C9B669 /* WASQLiteSession.h in Headers */ = {isa = PBXBuildFile; fileRef = E227EC4312D3B82F00C9B669 /* WASQLiteSession.h */; };
		E227EC4612D3B82F00C9B669 /* WASQLiteSession.m in Sources */ = {isa = PBXBuildFile; fileRef = E227EC4412D3B82F00C9B669 /* WASQLiteSession.m */; };
		E227EC6812D3BA1B00C9B669 /* WASQLiteSessionGenerator.h in Headers */ = {isa = PBXBuildFile; fileRef = E227EC6612D3BA1B00C9B669 /* WASQLiteSessionGenerator.h */; };
		E227EC6912D3BA1B00C9B669 /* WASQLiteSessionGenerator.m in Sources */ = {isa = PBXBuildFile; fileRef = E227EC6712D3BA1B00C9B669 /* WASQLiteSessionGenerator.m */; };
		E227ED3412D3C1C800C9B669 /* WACookieSessionGenerator.h in Headers */ = {isa = PBXBuildFile; fileRef = E227ED3212D3C1C800C9B669 /* WACookieSessionGenerator.h */; };
		E227ED3512D3C1C800C9B669 /* WACookieSessionGenerator.m in Sources */ = {isa = PBXBuildFile; fileRef = E227ED3312D3C1C800C9B669 /* WACookieSessionGenerator.m */; };
		E227ED3812D3C1D000C9B669 /* WACookieSession.h in Headers */ = {isa = PBXBuildFile; fileRef = E227ED3612D3C1D000C9B669 /* WACookieSession.h */; };
		E227ED3912D3C1D000C9B669 /* WACookieSession.m in Sources */ = {isa = PBXBuildFile; fileRef = E227ED3712D3C1D000C9B669 /* WACookieSession.m */; };
		E241AF3713285591009ED0B2 /* Exception.wat in Resources */ = {isa = PBXBuildFile; fileRef = E241AF3613285591009ED0B2 /* Exception.wat */; };
		E260B0FA12CCB99F0084FC05 /* libcrypto.dylib in Frameworks */ = {isa = PBXBuildFile; fileRef = E260B0F912CCB99F0084FC05 /* libcrypto.dylib */; };
		E26154D712B3CCED0040B002 /* 404.html in Resources */ = {isa = PBXBuildFile; fileRef = E26154D612B3CCED0040B002 /* 404.html */; };
		E262BE4912D7958D00A8A4B4 /* WAModuleManager.h in Headers */ = {isa = PBXBuildFile; fileRef = E262BE4712D7958D00A8A4B4 /* WAModuleManager.h */; };
		E262BE4A12D7958D00A8A4B4 /* WAModuleManager.m in Sources */ = {isa = PBXBuildFile; fileRef = E262BE4812D7958D00A8A4B4 /* WAModuleManager.m */; };
		E262BE5012D797D100A8A4B4 /* WAModule.h in Headers */ = {isa = PBXBuildFile; fileRef = E262BE4E12D797D100A8A4B4 /* WAModule.h */; };
		E262BE5112D797D100A8A4B4 /* WAModule.m in Sources */ = {isa = PBXBuildFile; fileRef = E262BE4F12D797D100A8A4B4 /* WAModule.m */; };
		E264E06712FA3020007AD73A /* WAHTMLMarkdownFormatter.h in Headers */ = {isa = PBXBuildFile; fileRef = E264E06112FA3020007AD73A /* WAHTMLMarkdownFormatter.h */; };
		E264E06812FA3020007AD73A /* WAHTMLMarkdownFormatter.m in Sources */ = {isa = PBXBuildFile; fileRef = E264E06212FA3020007AD73A /* WAHTMLMarkdownFormatter.m */; };
		E264E06912FA3020007AD73A /* WAMarkdown.h in Headers */ = {isa = PBXBuildFile; fileRef = E264E06312FA3020007AD73A /* WAMarkdown.h */; settings = {ATTRIBUTES = (Public, ); }; };
		E264E06A12FA3020007AD73A /* WAMarkdown.m in Sources */ = {isa = PBXBuildFile; fileRef = E264E06412FA3020007AD73A /* WAMarkdown.m */; };
		E264E06B12FA3020007AD73A /* WAMarkdownParser.h in Headers */ = {isa = PBXBuildFile; fileRef = E264E06512FA3020007AD73A /* WAMarkdownParser.h */; settings = {ATTRIBUTES = (Public, ); }; };
		E264E06C12FA3020007AD73A /* WAMarkdownParser.m in Sources */ = {isa = PBXBuildFile; fileRef = E264E06612FA3020007AD73A /* WAMarkdownParser.m */; };
		E264E06E12FA302D007AD73A /* libupskirt.a in Frameworks */ = {isa = PBXBuildFile; fileRef = E264E06D12FA302D007AD73A /* libupskirt.a */; };
		E264E07512FA303A007AD73A /* buffer.h in Headers */ = {isa = PBXBuildFile; fileRef = E264E07312FA303A007AD73A /* buffer.h */; };
		E264E07612FA303A007AD73A /* markdown.h in Headers */ = {isa = PBXBuildFile; fileRef = E264E07412FA303A007AD73A /* markdown.h */; };
		E275C2D012E7B43000462191 /* WAMultipartReader.h in Headers */ = {isa = PBXBuildFile; fileRef = E275C2CE12E7B43000462191 /* WAMultipartReader.h */; };
		E275C2D112E7B43000462191 /* WAMultipartReader.m in Sources */ = {isa = PBXBuildFile; fileRef = E275C2CF12E7B43000462191 /* WAMultipartReader.m */; };
		E275C2D412E7BEA900462191 /* WAMultipartPart.h in Headers */ = {isa = PBXBuildFile; fileRef = E275C2D212E7BEA900462191 /* WAMultipartPart.h */; };
		E275C2D512E7BEA900462191 /* WAMultipartPart.m in Sources */ = {isa = PBXBuildFile; fileRef = E275C2D312E7BEA900462191 /* WAMultipartPart.m */; };
		E275C41312E84FF100462191 /* WAUploadedFile.h in Headers */ = {isa = PBXBuildFile; fileRef = E275C41112E84FF100462191 /* WAUploadedFile.h */; settings = {ATTRIBUTES = (Public, ); }; };
		E275C41412E84FF100462191 /* WAUploadedFile.m in Sources */ = {isa = PBXBuildFile; fileRef = E275C41212E84FF100462191 /* WAUploadedFile.m */; };
		E2B7A15B12C3AC0D006BA324 /* WAJSON.h in Headers */ = {isa = PBXBuildFile; fileRef = E2B7A15912C3AC0D006BA324 /* WAJSON.h */; settings = {ATTRIBUTES = (Public, ); }; };
		E2B7A15C12C3AC0D006BA324 /* WAJSON.m in Sources */ = {isa = PBXBuildFile; fileRef = E2B7A15A12C3AC0D006BA324 /* WAJSON.m */; };
		E2CF9604135B93F8009BA912 /* TFStringScanner.h in Headers */ = {isa = PBXBuildFile; fileRef = E2CF9602135B93F8009BA912 /* TFStringScanner.h */; };
		E2CF9605135B93F8009BA912 /* TFStringScanner.m in Sources */ = {isa = PBXBuildFile; fileRef = E2CF9603135B93F8009BA912 /* TFStringScanner.m */; };
		E2CF9638135B99F9009BA912 /* TL.h in Headers */ = {isa = PBXBuildFile; fileRef = E2CF961E135B99F9009BA912 /* TL.h */; };
		E2CF9639135B99F9009BA912 /* TL.m in Sources */ = {isa = PBXBuildFile; fileRef = E2CF961F135B99F9009BA912 /* TL.m */; };
		E2CF963A135B99F9009BA912 /* TLAssignment.h in Headers */ = {isa = PBXBuildFile; fileRef = E2CF9620135B99F9009BA912 /* TLAssignment.h */; };
		E2CF963B135B99F9009BA912 /* TLAssignment.m in Sources */ = {isa = PBXBuildFile; fileRef = E2CF9621135B99F9009BA912 /* TLAssignment.m */; };
		E2CF963C135B99F9009BA912 /* TLCompoundStatement.h in Headers */ = {isa = PBXBuildFile; fileRef = E2CF9622135B99F9009BA912 /* TLCompoundStatement.h */; };
		E2CF963D135B99F9009BA912 /* TLCompoundStatement.m in Sources */ = {isa = PBXBuildFile; fileRef = E2CF9623135B99F9009BA912 /* TLCompoundStatement.m */; };
		E2CF963E135B99F9009BA912 /* TLConditional.h in Headers */ = {isa = PBXBuildFile; fileRef = E2CF9624135B99F9009BA912 /* TLConditional.h */; };
		E2CF963F135B99F9009BA912 /* TLConditional.m in Sources */ = {isa = PBXBuildFile; fileRef = E2CF9625135B99F9009BA912 /* TLConditional.m */; };
		E2CF9640135B99F9009BA912 /* TLExpression.h in Headers */ = {isa = PBXBuildFile; fileRef = E2CF9626135B99F9009BA912 /* TLExpression.h */; settings = {ATTRIBUTES = (Public, ); }; };
		E2CF9641135B99F9009BA912 /* TLExpression.m in Sources */ = {isa = PBXBuildFile; fileRef = E2CF9627135B99F9009BA912 /* TLExpression.m */; };
		E2CF9642135B99F9009BA912 /* TLForeachLoop.h in Headers */ = {isa = PBXBuildFile; fileRef = E2CF9628135B99F9009BA912 /* TLForeachLoop.h */; };
		E2CF9643135B99F9009BA912 /* TLForeachLoop.m in Sources */ = {isa = PBXBuildFile; fileRef = E2CF9629135B99F9009BA912 /* TLForeachLoop.m */; };
		E2CF9644135B99F9009BA912 /* TLIdentifier.h in Headers */ = {isa = PBXBuildFile; fileRef = E2CF962A135B99F9009BA912 /* TLIdentifier.h */; };
		E2CF9645135B99F9009BA912 /* TLIdentifier.m in Sources */ = {isa = PBXBuildFile; fileRef = E2CF962B135B99F9009BA912 /* TLIdentifier.m */; };
		E2CF9646135B99F9009BA912 /* TLMethodInvocation.h in Headers */ = {isa = PBXBuildFile; fileRef = E2CF962C135B99F9009BA912 /* TLMethodInvocation.h */; };
		E2CF9647135B99F9009BA912 /* TLMethodInvocation.m in Sources */ = {isa = PBXBuildFile; fileRef = E2CF962D135B99F9009BA912 /* TLMethodInvocation.m */; };
		E2CF9648135B99F9009BA912 /* TLObject.h in Headers */ = {isa = PBXBuildFile; fileRef = E2CF962E135B99F9009BA912 /* TLObject.h */; };
		E2CF9649135B99F9009BA912 /* TLObject.m in Sources */ = {isa = PBXBuildFile; fileRef = E2CF962F135B99F9009BA912 /* TLObject.m */; };
		E2CF964A135B99F9009BA912 /* TLOperation.h in Headers */ = {isa = PBXBuildFile; fileRef = E2CF9630135B99F9009BA912 /* TLOperation.h */; };
		E2CF964B135B99F9009BA912 /* TLOperation.m in Sources */ = {isa = PBXBuildFile; fileRef = E2CF9631135B99F9009BA912 /* TLOperation.m */; };
		E2CF964C135B99F9009BA912 /* TLScope.h in Headers */ = {isa = PBXBuildFile; fileRef = E2CF9632135B99F9009BA912 /* TLScope.h */; };
		E2CF964D135B99F9009BA912 /* TLScope.m in Sources */ = {isa = PBXBuildFile; fileRef = E2CF9633135B99F9009BA912 /* TLScope.m */; };
		E2CF964E135B99F9009BA912 /* TLStatement.h in Headers */ = {isa = PBXBuildFile; fileRef = E2CF9634135B99F9009BA912 /* TLStatement.h */; };
		E2CF964F135B99F9009BA912 /* TLStatement.m in Sources */ = {isa = PBXBuildFile; fileRef = E2CF9635135B99F9009BA912 /* TLStatement.m */; };
		E2CF9650135B99F9009BA912 /* TLWhileLoop.h in Headers */ = {isa = PBXBuildFile; fileRef = E2CF9636135B99F9009BA912 /* TLWhileLoop.h */; };
		E2CF9651135B99F9009BA912 /* TLWhileLoop.m in Sources */ = {isa = PBXBuildFile; fileRef = E2CF9637135B99F9009BA912 /* TLWhileLoop.m */; };
		E2D88B6212B2FE2400219BF5 /* AsyncSocket.h in Headers */ = {isa = PBXBuildFile; fileRef = E2D88B5012B2FE2400219BF5 /* AsyncSocket.h */; settings = {ATTRIBUTES = (Public, ); }; };
		E2D88B6312B2FE2400219BF5 /* AsyncSocket.m in Sources */ = {isa = PBXBuildFile; fileRef = E2D88B5112B2FE2400219BF5 /* AsyncSocket.m */; };
		E2D88B6412B2FE2400219BF5 /* WAFoundationExtras.h in Headers */ = {isa = PBXBuildFile; fileRef = E2D88B5212B2FE2400219BF5 /* WAFoundationExtras.h */; settings = {ATTRIBUTES = (Public, ); }; };
		E2D88B6512B2FE2400219BF5 /* WAFoundationExtras.m in Sources */ = {isa = PBXBuildFile; fileRef = E2D88B5312B2FE2400219BF5 /* WAFoundationExtras.m */; };
		E2D88B6612B2FE2400219BF5 /* WAApplication.h in Headers */ = {isa = PBXBuildFile; fileRef = E2D88B5412B2FE2400219BF5 /* WAApplication.h */; settings = {ATTRIBUTES = (Public, ); }; };
		E2D88B6712B2FE2400219BF5 /* WAApplication.m in Sources */ = {isa = PBXBuildFile; fileRef = E2D88B5512B2FE2400219BF5 /* WAApplication.m */; };
		E2D88B6812B2FE2400219BF5 /* WAServerConnection.h in Headers */ = {isa = PBXBuildFile; fileRef = E2D88B5612B2FE2400219BF5 /* WAServerConnection.h */; settings = {ATTRIBUTES = (Public, ); }; };
		E2D88B6912B2FE2400219BF5 /* WAServerConnection.m in Sources */ = {isa = PBXBuildFile; fileRef = E2D88B5712B2FE2400219BF5 /* WAServerConnection.m */; };
		E2D88B6A12B2FE2400219BF5 /* WARequest.h in Headers */ = {isa = PBXBuildFile; fileRef = E2D88B5812B2FE2400219BF5 /* WARequest.h */; settings = {ATTRIBUTES = (Public, ); }; };
		E2D88B6B12B2FE2400219BF5 /* WARequest.m in Sources */ = {isa = PBXBuildFile; fileRef = E2D88B5912B2FE2400219BF5 /* WARequest.m */; };
		E2D88B6C12B2FE2400219BF5 /* WARequestHandler.h in Headers */ = {isa = PBXBuildFile; fileRef = E2D88B5A12B2FE2400219BF5 /* WARequestHandler.h */; settings = {ATTRIBUTES = (Public, ); }; };
		E2D88B6D12B2FE2400219BF5 /* WARequestHandler.m in Sources */ = {isa = PBXBuildFile; fileRef = E2D88B5B12B2FE2400219BF5 /* WARequestHandler.m */; };
		E2D88B6E12B2FE2400219BF5 /* WAResponse.h in Headers */ = {isa = PBXBuildFile; fileRef = E2D88B5C12B2FE2400219BF5 /* WAResponse.h */; settings = {ATTRIBUTES = (Public, ); }; };
		E2D88B6F12B2FE2400219BF5 /* WAResponse.m in Sources */ = {isa = PBXBuildFile; fileRef = E2D88B5D12B2FE2400219BF5 /* WAResponse.m */; };
		E2D88B7012B2FE2400219BF5 /* WARoute.h in Headers */ = {isa = PBXBuildFile; fileRef = E2D88B5E12B2FE2400219BF5 /* WARoute.h */; settings = {ATTRIBUTES = (Public, ); }; };
		E2D88B7112B2FE2400219BF5 /* WARoute.m in Sources */ = {isa = PBXBuildFile; fileRef = E2D88B5F12B2FE2400219BF5 /* WARoute.m */; };
		E2D88B7212B2FE2400219BF5 /* WAServer.h in Headers */ = {isa = PBXBuildFile; fileRef = E2D88B6012B2FE2400219BF5 /* WAServer.h */; settings = {ATTRIBUTES = (Public, ); }; };
		E2D88B7312B2FE2400219BF5 /* WAServer.m in Sources */ = {isa = PBXBuildFile; fileRef = E2D88B6112B2FE2400219BF5 /* WAServer.m */; };
		E2D88B7E12B2FE5E00219BF5 /* Foundation.framework in Frameworks */ = {isa = PBXBuildFile; fileRef = E2D88B7D12B2FE5E00219BF5 /* Foundation.framework */; };
		E2D88B8212B2FE6500219BF5 /* CoreFoundation.framework in Frameworks */ = {isa = PBXBuildFile; fileRef = E2D88B8112B2FE6500219BF5 /* CoreFoundation.framework */; };
		E2D88B8812B2FE7300219BF5 /* CoreServices.framework in Frameworks */ = {isa = PBXBuildFile; fileRef = E2D88B8712B2FE7300219BF5 /* CoreServices.framework */; };
		E2D88B9112B2FE8100219BF5 /* WebAppKit.h in Headers */ = {isa = PBXBuildFile; fileRef = E2D88B9012B2FE8100219BF5 /* WebAppKit.h */; settings = {ATTRIBUTES = (Public, ); }; };
		E2E876C712B3167400558845 /* WADirectoryHandler.h in Headers */ = {isa = PBXBuildFile; fileRef = E2E876C512B3167400558845 /* WADirectoryHandler.h */; settings = {ATTRIBUTES = (Public, ); }; };
		E2E876C812B3167400558845 /* WADirectoryHandler.m in Sources */ = {isa = PBXBuildFile; fileRef = E2E876C612B3167400558845 /* WADirectoryHandler.m */; };
		E2E877AF12B3CC3900558845 /* WAStaticFileHandler.h in Headers */ = {isa = PBXBuildFile; fileRef = E2E877AD12B3CC3900558845 /* WAStaticFileHandler.h */; };
		E2E877B012B3CC3900558845 /* WAStaticFileHandler.m in Sources */ = {isa = PBXBuildFile; fileRef = E2E877AE12B3CC3900558845 /* WAStaticFileHandler.m */; };
		E2EAEED212B986A500097E0B /* WATemplate.h in Headers */ = {isa = PBXBuildFile; fileRef = E2EAEED012B986A500097E0B /* WATemplate.h */; settings = {ATTRIBUTES = (Public, ); }; };
		E2EAEED312B986A500097E0B /* WATemplate.m in Sources */ = {isa = PBXBuildFile; fileRef = E2EAEED112B986A500097E0B /* WATemplate.m */; };
		E2EAF09312B9AB2600097E0B /* WACoreDataExtras.h in Headers */ = {isa = PBXBuildFile; fileRef = E2EAF09112B9AB2600097E0B /* WACoreDataExtras.h */; settings = {ATTRIBUTES = (Public, ); }; };
		E2EAF09412B9AB2600097E0B /* WACoreDataExtras.m in Sources */ = {isa = PBXBuildFile; fileRef = E2EAF09212B9AB2600097E0B /* WACoreDataExtras.m */; };
		E2EAF09912B9AB4800097E0B /* CoreData.framework in Frameworks */ = {isa = PBXBuildFile; fileRef = E2EAF09812B9AB4800097E0B /* CoreData.framework */; };
		E2EAF1C312BADEE600097E0B /* WASession.h in Headers */ = {isa = PBXBuildFile; fileRef = E2EAF1C112BADEE600097E0B /* WASession.h */; settings = {ATTRIBUTES = (Public, ); }; };
		E2EAF1C412BADEE600097E0B /* WASession.m in Sources */ = {isa = PBXBuildFile; fileRef = E2EAF1C212BADEE600097E0B /* WASession.m */; };
		E2EAF1C712BAE00B00097E0B /* WACookie.h in Headers */ = {isa = PBXBuildFile; fileRef = E2EAF1C512BAE00B00097E0B /* WACookie.h */; settings = {ATTRIBUTES = (Public, ); }; };
		E2EAF1C812BAE00B00097E0B /* WACookie.m in Sources */ = {isa = PBXBuildFile; fileRef = E2EAF1C612BAE00B00097E0B /* WACookie.m */; };
		E2F4F39212DB669F0058342E /* WAHTTPSupport.h in Headers */ = {isa = PBXBuildFile; fileRef = E2F4F39012DB669F0058342E /* WAHTTPSupport.h */; settings = {ATTRIBUTES = (Public, ); }; };
		E2F4F39312DB669F0058342E /* WAHTTPSupport.m in Sources */ = {isa = PBXBuildFile; fileRef = E2F4F39112DB669F0058342E /* WAHTTPSupport.m */; };
/* End PBXBuildFile section */

/* Begin PBXCopyFilesBuildPhase section */
		E2EAEF0F12B98D9300097E0B /* Copy Frameworks */ = {
			isa = PBXCopyFilesBuildPhase;
			buildActionMask = 2147483647;
			dstPath = "";
			dstSubfolderSpec = 10;
			files = (
			);
			name = "Copy Frameworks";
			runOnlyForDeploymentPostprocessing = 0;
		};
/* End PBXCopyFilesBuildPhase section */

/* Begin PBXFileReference section */
		32DBCF5E0370ADEE00C91783 /* WebAppKit_Prefix.pch */ = {isa = PBXFileReference; fileEncoding = 4; lastKnownFileType = sourcecode.c.h; path = WebAppKit_Prefix.pch; sourceTree = "<group>"; };
		8DC2EF5A0486A6940098B216 /* Info.plist */ = {isa = PBXFileReference; fileEncoding = 4; lastKnownFileType = text.plist.xml; name = Info.plist; path = ../Info.plist; sourceTree = "<group>"; };
		8DC2EF5B0486A6940098B216 /* WebAppKit.framework */ = {isa = PBXFileReference; explicitFileType = wrapper.framework; includeInIndex = 0; path = WebAppKit.framework; sourceTree = BUILT_PRODUCTS_DIR; };
		93961C8313340DD90067A07A /* WARedirectHandler.h */ = {isa = PBXFileReference; fileEncoding = 4; lastKnownFileType = sourcecode.c.h; path = WARedirectHandler.h; sourceTree = SOURCE_ROOT; };
		93961C8413340DD90067A07A /* WARedirectHandler.m */ = {isa = PBXFileReference; fileEncoding = 4; lastKnownFileType = sourcecode.c.objc; path = WARedirectHandler.m; sourceTree = SOURCE_ROOT; };
		E20B1A26131F252600948E4B /* JavaScriptCore.framework */ = {isa = PBXFileReference; lastKnownFileType = wrapper.framework; name = JavaScriptCore.framework; path = System/Library/Frameworks/JavaScriptCore.framework; sourceTree = SDKROOT; };
		E21702C212C9286800DCE8FD /* libicucore.dylib */ = {isa = PBXFileReference; lastKnownFileType = "compiled.mach-o.dylib"; name = libicucore.dylib; path = usr/lib/libicucore.dylib; sourceTree = SDKROOT; };
		E21702C912C92C5800DCE8FD /* TFRegex.h */ = {isa = PBXFileReference; fileEncoding = 4; lastKnownFileType = sourcecode.c.h; path = TFRegex.h; sourceTree = "<group>"; };
		E21702CA12C92C5800DCE8FD /* TFRegex.m */ = {isa = PBXFileReference; fileEncoding = 4; lastKnownFileType = sourcecode.c.objc; path = TFRegex.m; sourceTree = "<group>"; };
		E21D22AF12BC53CE00277F2E /* WAUtilities.h */ = {isa = PBXFileReference; fileEncoding = 4; lastKnownFileType = sourcecode.c.h; name = WAUtilities.h; path = Source/WAUtilities.h; sourceTree = "<group>"; };
		E21D22B012BC53CE00277F2E /* WAUtilities.m */ = {isa = PBXFileReference; fileEncoding = 4; lastKnownFileType = sourcecode.c.objc; name = WAUtilities.m; path = Source/WAUtilities.m; sourceTree = "<group>"; };
		E21D231712BC5D4500277F2E /* FMDatabase.h */ = {isa = PBXFileReference; fileEncoding = 4; lastKnownFileType = sourcecode.c.h; path = FMDatabase.h; sourceTree = "<group>"; };
		E21D231812BC5D4500277F2E /* FMDatabase.m */ = {isa = PBXFileReference; fileEncoding = 4; lastKnownFileType = sourcecode.c.objc; path = FMDatabase.m; sourceTree = "<group>"; };
		E21D231912BC5D4500277F2E /* FMDatabaseAdditions.h */ = {isa = PBXFileReference; fileEncoding = 4; lastKnownFileType = sourcecode.c.h; path = FMDatabaseAdditions.h; sourceTree = "<group>"; };
		E21D231A12BC5D4500277F2E /* FMDatabaseAdditions.m */ = {isa = PBXFileReference; fileEncoding = 4; lastKnownFileType = sourcecode.c.objc; path = FMDatabaseAdditions.m; sourceTree = "<group>"; };
		E21D231B12BC5D4500277F2E /* FMResultSet.h */ = {isa = PBXFileReference; fileEncoding = 4; lastKnownFileType = sourcecode.c.h; path = FMResultSet.h; sourceTree = "<group>"; };
		E21D231C12BC5D4500277F2E /* FMResultSet.m */ = {isa = PBXFileReference; fileEncoding = 4; lastKnownFileType = sourcecode.c.objc; path = FMResultSet.m; sourceTree = "<group>"; };
		E21D233112BC5E6A00277F2E /* libsqlite3.dylib */ = {isa = PBXFileReference; lastKnownFileType = "compiled.mach-o.dylib"; name = libsqlite3.dylib; path = usr/local/lib/libsqlite3.dylib; sourceTree = SDKROOT; };
		E21E76A812C03DC80082E402 /* WALocalization.h */ = {isa = PBXFileReference; fileEncoding = 4; lastKnownFileType = sourcecode.c.h; name = WALocalization.h; path = Source/WALocalization.h; sourceTree = "<group>"; };
		E21E76A912C03DC80082E402 /* WALocalization.m */ = {isa = PBXFileReference; fileEncoding = 4; lastKnownFileType = sourcecode.c.objc; name = WALocalization.m; path = Source/WALocalization.m; sourceTree = "<group>"; };
		E227EC3312D3B67600C9B669 /* WASessionGenerator.h */ = {isa = PBXFileReference; fileEncoding = 4; lastKnownFileType = sourcecode.c.h; name = WASessionGenerator.h; path = Source/WASessionGenerator.h; sourceTree = "<group>"; };
		E227EC3412D3B67600C9B669 /* WASessionGenerator.m */ = {isa = PBXFileReference; fileEncoding = 4; lastKnownFileType = sourcecode.c.objc; name = WASessionGenerator.m; path = Source/WASessionGenerator.m; sourceTree = "<group>"; };
		E227EC4312D3B82F00C9B669 /* WASQLiteSession.h */ = {isa = PBXFileReference; fileEncoding = 4; lastKnownFileType = sourcecode.c.h; name = WASQLiteSession.h; path = Source/WASQLiteSession.h; sourceTree = "<group>"; };
		E227EC4412D3B82F00C9B669 /* WASQLiteSession.m */ = {isa = PBXFileReference; fileEncoding = 4; lastKnownFileType = sourcecode.c.objc; name = WASQLiteSession.m; path = Source/WASQLiteSession.m; sourceTree = "<group>"; };
		E227EC6612D3BA1B00C9B669 /* WASQLiteSessionGenerator.h */ = {isa = PBXFileReference; fileEncoding = 4; lastKnownFileType = sourcecode.c.h; name = WASQLiteSessionGenerator.h; path = Source/WASQLiteSessionGenerator.h; sourceTree = "<group>"; };
		E227EC6712D3BA1B00C9B669 /* WASQLiteSessionGenerator.m */ = {isa = PBXFileReference; fileEncoding = 4; lastKnownFileType = sourcecode.c.objc; name = WASQLiteSessionGenerator.m; path = Source/WASQLiteSessionGenerator.m; sourceTree = "<group>"; };
		E227ED3212D3C1C800C9B669 /* WACookieSessionGenerator.h */ = {isa = PBXFileReference; fileEncoding = 4; lastKnownFileType = sourcecode.c.h; name = WACookieSessionGenerator.h; path = Source/WACookieSessionGenerator.h; sourceTree = "<group>"; };
		E227ED3312D3C1C800C9B669 /* WACookieSessionGenerator.m */ = {isa = PBXFileReference; fileEncoding = 4; lastKnownFileType = sourcecode.c.objc; name = WACookieSessionGenerator.m; path = Source/WACookieSessionGenerator.m; sourceTree = "<group>"; };
		E227ED3612D3C1D000C9B669 /* WACookieSession.h */ = {isa = PBXFileReference; fileEncoding = 4; lastKnownFileType = sourcecode.c.h; name = WACookieSession.h; path = Source/WACookieSession.h; sourceTree = "<group>"; };
		E227ED3712D3C1D000C9B669 /* WACookieSession.m */ = {isa = PBXFileReference; fileEncoding = 4; lastKnownFileType = sourcecode.c.objc; name = WACookieSession.m; path = Source/WACookieSession.m; sourceTree = "<group>"; };
		E241AF3613285591009ED0B2 /* Exception.wat */ = {isa = PBXFileReference; fileEncoding = 4; lastKnownFileType = text; path = Exception.wat; sourceTree = "<group>"; };
		E260B0F912CCB99F0084FC05 /* libcrypto.dylib */ = {isa = PBXFileReference; lastKnownFileType = "compiled.mach-o.dylib"; name = libcrypto.dylib; path = usr/lib/libcrypto.dylib; sourceTree = SDKROOT; };
		E26154D612B3CCED0040B002 /* 404.html */ = {isa = PBXFileReference; fileEncoding = 4; lastKnownFileType = text.html; path = 404.html; sourceTree = "<group>"; };
		E262BE4712D7958D00A8A4B4 /* WAModuleManager.h */ = {isa = PBXFileReference; fileEncoding = 4; lastKnownFileType = sourcecode.c.h; path = WAModuleManager.h; sourceTree = "<group>"; };
		E262BE4812D7958D00A8A4B4 /* WAModuleManager.m */ = {isa = PBXFileReference; fileEncoding = 4; lastKnownFileType = sourcecode.c.objc; path = WAModuleManager.m; sourceTree = "<group>"; };
		E262BE4E12D797D100A8A4B4 /* WAModule.h */ = {isa = PBXFileReference; fileEncoding = 4; lastKnownFileType = sourcecode.c.h; path = WAModule.h; sourceTree = "<group>"; };
		E262BE4F12D797D100A8A4B4 /* WAModule.m */ = {isa = PBXFileReference; fileEncoding = 4; lastKnownFileType = sourcecode.c.objc; path = WAModule.m; sourceTree = "<group>"; };
		E264E06112FA3020007AD73A /* WAHTMLMarkdownFormatter.h */ = {isa = PBXFileReference; fileEncoding = 4; lastKnownFileType = sourcecode.c.h; name = WAHTMLMarkdownFormatter.h; path = Source/Markdown/WAHTMLMarkdownFormatter.h; sourceTree = "<group>"; };
		E264E06212FA3020007AD73A /* WAHTMLMarkdownFormatter.m */ = {isa = PBXFileReference; fileEncoding = 4; lastKnownFileType = sourcecode.c.objc; name = WAHTMLMarkdownFormatter.m; path = Source/Markdown/WAHTMLMarkdownFormatter.m; sourceTree = "<group>"; };
		E264E06312FA3020007AD73A /* WAMarkdown.h */ = {isa = PBXFileReference; fileEncoding = 4; lastKnownFileType = sourcecode.c.h; name = WAMarkdown.h; path = Source/Markdown/WAMarkdown.h; sourceTree = "<group>"; };
		E264E06412FA3020007AD73A /* WAMarkdown.m */ = {isa = PBXFileReference; fileEncoding = 4; lastKnownFileType = sourcecode.c.objc; name = WAMarkdown.m; path = Source/Markdown/WAMarkdown.m; sourceTree = "<group>"; };
		E264E06512FA3020007AD73A /* WAMarkdownParser.h */ = {isa = PBXFileReference; fileEncoding = 4; lastKnownFileType = sourcecode.c.h; name = WAMarkdownParser.h; path = Source/Markdown/WAMarkdownParser.h; sourceTree = "<group>"; };
		E264E06612FA3020007AD73A /* WAMarkdownParser.m */ = {isa = PBXFileReference; fileEncoding = 4; lastKnownFileType = sourcecode.c.objc; name = WAMarkdownParser.m; path = Source/Markdown/WAMarkdownParser.m; sourceTree = "<group>"; };
		E264E06D12FA302D007AD73A /* libupskirt.a */ = {isa = PBXFileReference; lastKnownFileType = archive.ar; name = libupskirt.a; path = Source/Markdown/libupskirt.a; sourceTree = "<group>"; };
		E264E07312FA303A007AD73A /* buffer.h */ = {isa = PBXFileReference; fileEncoding = 4; lastKnownFileType = sourcecode.c.h; name = buffer.h; path = Source/Markdown/buffer.h; sourceTree = "<group>"; };
		E264E07412FA303A007AD73A /* markdown.h */ = {isa = PBXFileReference; fileEncoding = 4; lastKnownFileType = sourcecode.c.h; name = markdown.h; path = Source/Markdown/markdown.h; sourceTree = "<group>"; };
		E275C2CE12E7B43000462191 /* WAMultipartReader.h */ = {isa = PBXFileReference; fileEncoding = 4; lastKnownFileType = sourcecode.c.h; path = WAMultipartReader.h; sourceTree = "<group>"; };
		E275C2CF12E7B43000462191 /* WAMultipartReader.m */ = {isa = PBXFileReference; fileEncoding = 4; lastKnownFileType = sourcecode.c.objc; path = WAMultipartReader.m; sourceTree = "<group>"; };
		E275C2D212E7BEA900462191 /* WAMultipartPart.h */ = {isa = PBXFileReference; fileEncoding = 4; lastKnownFileType = sourcecode.c.h; path = WAMultipartPart.h; sourceTree = "<group>"; };
		E275C2D312E7BEA900462191 /* WAMultipartPart.m */ = {isa = PBXFileReference; fileEncoding = 4; lastKnownFileType = sourcecode.c.objc; path = WAMultipartPart.m; sourceTree = "<group>"; };
		E275C41112E84FF100462191 /* WAUploadedFile.h */ = {isa = PBXFileReference; fileEncoding = 4; lastKnownFileType = sourcecode.c.h; path = WAUploadedFile.h; sourceTree = "<group>"; };
		E275C41212E84FF100462191 /* WAUploadedFile.m */ = {isa = PBXFileReference; fileEncoding = 4; lastKnownFileType = sourcecode.c.objc; path = WAUploadedFile.m; sourceTree = "<group>"; };
		E2B7A15912C3AC0D006BA324 /* WAJSON.h */ = {isa = PBXFileReference; fileEncoding = 4; lastKnownFileType = sourcecode.c.h; name = WAJSON.h; path = Source/WAJSON.h; sourceTree = "<group>"; };
		E2B7A15A12C3AC0D006BA324 /* WAJSON.m */ = {isa = PBXFileReference; fileEncoding = 4; lastKnownFileType = sourcecode.c.objc; name = WAJSON.m; path = Source/WAJSON.m; sourceTree = "<group>"; };
		E2CF9602135B93F8009BA912 /* TFStringScanner.h */ = {isa = PBXFileReference; fileEncoding = 4; lastKnownFileType = sourcecode.c.h; path = TFStringScanner.h; sourceTree = "<group>"; };
		E2CF9603135B93F8009BA912 /* TFStringScanner.m */ = {isa = PBXFileReference; fileEncoding = 4; lastKnownFileType = sourcecode.c.objc; path = TFStringScanner.m; sourceTree = "<group>"; };
		E2CF961E135B99F9009BA912 /* TL.h */ = {isa = PBXFileReference; fileEncoding = 4; lastKnownFileType = sourcecode.c.h; name = TL.h; path = Source/TL/TL.h; sourceTree = "<group>"; };
		E2CF961F135B99F9009BA912 /* TL.m */ = {isa = PBXFileReference; fileEncoding = 4; lastKnownFileType = sourcecode.c.objc; name = TL.m; path = Source/TL/TL.m; sourceTree = "<group>"; };
		E2CF9620135B99F9009BA912 /* TLAssignment.h */ = {isa = PBXFileReference; fileEncoding = 4; lastKnownFileType = sourcecode.c.h; name = TLAssignment.h; path = Source/TL/TLAssignment.h; sourceTree = "<group>"; };
		E2CF9621135B99F9009BA912 /* TLAssignment.m */ = {isa = PBXFileReference; fileEncoding = 4; lastKnownFileType = sourcecode.c.objc; name = TLAssignment.m; path = Source/TL/TLAssignment.m; sourceTree = "<group>"; };
		E2CF9622135B99F9009BA912 /* TLCompoundStatement.h */ = {isa = PBXFileReference; fileEncoding = 4; lastKnownFileType = sourcecode.c.h; name = TLCompoundStatement.h; path = Source/TL/TLCompoundStatement.h; sourceTree = "<group>"; };
		E2CF9623135B99F9009BA912 /* TLCompoundStatement.m */ = {isa = PBXFileReference; fileEncoding = 4; lastKnownFileType = sourcecode.c.objc; name = TLCompoundStatement.m; path = Source/TL/TLCompoundStatement.m; sourceTree = "<group>"; };
		E2CF9624135B99F9009BA912 /* TLConditional.h */ = {isa = PBXFileReference; fileEncoding = 4; lastKnownFileType = sourcecode.c.h; name = TLConditional.h; path = Source/TL/TLConditional.h; sourceTree = "<group>"; };
		E2CF9625135B99F9009BA912 /* TLConditional.m */ = {isa = PBXFileReference; fileEncoding = 4; lastKnownFileType = sourcecode.c.objc; name = TLConditional.m; path = Source/TL/TLConditional.m; sourceTree = "<group>"; };
		E2CF9626135B99F9009BA912 /* TLExpression.h */ = {isa = PBXFileReference; fileEncoding = 4; lastKnownFileType = sourcecode.c.h; name = TLExpression.h; path = Source/TL/TLExpression.h; sourceTree = "<group>"; };
		E2CF9627135B99F9009BA912 /* TLExpression.m */ = {isa = PBXFileReference; fileEncoding = 4; lastKnownFileType = sourcecode.c.objc; name = TLExpression.m; path = Source/TL/TLExpression.m; sourceTree = "<group>"; };
		E2CF9628135B99F9009BA912 /* TLForeachLoop.h */ = {isa = PBXFileReference; fileEncoding = 4; lastKnownFileType = sourcecode.c.h; name = TLForeachLoop.h; path = Source/TL/TLForeachLoop.h; sourceTree = "<group>"; };
		E2CF9629135B99F9009BA912 /* TLForeachLoop.m */ = {isa = PBXFileReference; fileEncoding = 4; lastKnownFileType = sourcecode.c.objc; name = TLForeachLoop.m; path = Source/TL/TLForeachLoop.m; sourceTree = "<group>"; };
		E2CF962A135B99F9009BA912 /* TLIdentifier.h */ = {isa = PBXFileReference; fileEncoding = 4; lastKnownFileType = sourcecode.c.h; name = TLIdentifier.h; path = Source/TL/TLIdentifier.h; sourceTree = "<group>"; };
		E2CF962B135B99F9009BA912 /* TLIdentifier.m */ = {isa = PBXFileReference; fileEncoding = 4; lastKnownFileType = sourcecode.c.objc; name = TLIdentifier.m; path = Source/TL/TLIdentifier.m; sourceTree = "<group>"; };
		E2CF962C135B99F9009BA912 /* TLMethodInvocation.h */ = {isa = PBXFileReference; fileEncoding = 4; lastKnownFileType = sourcecode.c.h; name = TLMethodInvocation.h; path = Source/TL/TLMethodInvocation.h; sourceTree = "<group>"; };
		E2CF962D135B99F9009BA912 /* TLMethodInvocation.m */ = {isa = PBXFileReference; fileEncoding = 4; lastKnownFileType = sourcecode.c.objc; name = TLMethodInvocation.m; path = Source/TL/TLMethodInvocation.m; sourceTree = "<group>"; };
		E2CF962E135B99F9009BA912 /* TLObject.h */ = {isa = PBXFileReference; fileEncoding = 4; lastKnownFileType = sourcecode.c.h; name = TLObject.h; path = Source/TL/TLObject.h; sourceTree = "<group>"; };
		E2CF962F135B99F9009BA912 /* TLObject.m */ = {isa = PBXFileReference; fileEncoding = 4; lastKnownFileType = sourcecode.c.objc; name = TLObject.m; path = Source/TL/TLObject.m; sourceTree = "<group>"; };
		E2CF9630135B99F9009BA912 /* TLOperation.h */ = {isa = PBXFileReference; fileEncoding = 4; lastKnownFileType = sourcecode.c.h; name = TLOperation.h; path = Source/TL/TLOperation.h; sourceTree = "<group>"; };
		E2CF9631135B99F9009BA912 /* TLOperation.m */ = {isa = PBXFileReference; fileEncoding = 4; lastKnownFileType = sourcecode.c.objc; name = TLOperation.m; path = Source/TL/TLOperation.m; sourceTree = "<group>"; };
		E2CF9632135B99F9009BA912 /* TLScope.h */ = {isa = PBXFileReference; fileEncoding = 4; lastKnownFileType = sourcecode.c.h; name = TLScope.h; path = Source/TL/TLScope.h; sourceTree = "<group>"; };
		E2CF9633135B99F9009BA912 /* TLScope.m */ = {isa = PBXFileReference; fileEncoding = 4; lastKnownFileType = sourcecode.c.objc; name = TLScope.m; path = Source/TL/TLScope.m; sourceTree = "<group>"; };
		E2CF9634135B99F9009BA912 /* TLStatement.h */ = {isa = PBXFileReference; fileEncoding = 4; lastKnownFileType = sourcecode.c.h; name = TLStatement.h; path = Source/TL/TLStatement.h; sourceTree = "<group>"; };
		E2CF9635135B99F9009BA912 /* TLStatement.m */ = {isa = PBXFileReference; fileEncoding = 4; lastKnownFileType = sourcecode.c.objc; name = TLStatement.m; path = Source/TL/TLStatement.m; sourceTree = "<group>"; };
		E2CF9636135B99F9009BA912 /* TLWhileLoop.h */ = {isa = PBXFileReference; fileEncoding = 4; lastKnownFileType = sourcecode.c.h; name = TLWhileLoop.h; path = Source/TL/TLWhileLoop.h; sourceTree = "<group>"; };
		E2CF9637135B99F9009BA912 /* TLWhileLoop.m */ = {isa = PBXFileReference; fileEncoding = 4; lastKnownFileType = sourcecode.c.objc; name = TLWhileLoop.m; path = Source/TL/TLWhileLoop.m; sourceTree = "<group>"; };
		E2D88B5012B2FE2400219BF5 /* AsyncSocket.h */ = {isa = PBXFileReference; fileEncoding = 4; lastKnownFileType = sourcecode.c.h; path = AsyncSocket.h; sourceTree = "<group>"; };
		E2D88B5112B2FE2400219BF5 /* AsyncSocket.m */ = {isa = PBXFileReference; fileEncoding = 4; lastKnownFileType = sourcecode.c.objc; path = AsyncSocket.m; sourceTree = "<group>"; };
		E2D88B5212B2FE2400219BF5 /* WAFoundationExtras.h */ = {isa = PBXFileReference; fileEncoding = 4; lastKnownFileType = sourcecode.c.h; name = WAFoundationExtras.h; path = Source/WAFoundationExtras.h; sourceTree = "<group>"; };
		E2D88B5312B2FE2400219BF5 /* WAFoundationExtras.m */ = {isa = PBXFileReference; fileEncoding = 4; lastKnownFileType = sourcecode.c.objc; name = WAFoundationExtras.m; path = Source/WAFoundationExtras.m; sourceTree = "<group>"; };
		E2D88B5412B2FE2400219BF5 /* WAApplication.h */ = {isa = PBXFileReference; fileEncoding = 4; lastKnownFileType = sourcecode.c.h; name = WAApplication.h; path = Source/WAApplication.h; sourceTree = "<group>"; };
		E2D88B5512B2FE2400219BF5 /* WAApplication.m */ = {isa = PBXFileReference; fileEncoding = 4; lastKnownFileType = sourcecode.c.objc; name = WAApplication.m; path = Source/WAApplication.m; sourceTree = "<group>"; };
		E2D88B5612B2FE2400219BF5 /* WAServerConnection.h */ = {isa = PBXFileReference; fileEncoding = 4; lastKnownFileType = sourcecode.c.h; name = WAServerConnection.h; path = Source/WAServerConnection.h; sourceTree = "<group>"; };
		E2D88B5712B2FE2400219BF5 /* WAServerConnection.m */ = {isa = PBXFileReference; fileEncoding = 4; lastKnownFileType = sourcecode.c.objc; name = WAServerConnection.m; path = Source/WAServerConnection.m; sourceTree = "<group>"; };
		E2D88B5812B2FE2400219BF5 /* WARequest.h */ = {isa = PBXFileReference; fileEncoding = 4; lastKnownFileType = sourcecode.c.h; name = WARequest.h; path = Source/WARequest.h; sourceTree = "<group>"; };
		E2D88B5912B2FE2400219BF5 /* WARequest.m */ = {isa = PBXFileReference; fileEncoding = 4; lastKnownFileType = sourcecode.c.objc; name = WARequest.m; path = Source/WARequest.m; sourceTree = "<group>"; };
		E2D88B5A12B2FE2400219BF5 /* WARequestHandler.h */ = {isa = PBXFileReference; fileEncoding = 4; lastKnownFileType = sourcecode.c.h; name = WARequestHandler.h; path = Source/WARequestHandler.h; sourceTree = "<group>"; };
		E2D88B5B12B2FE2400219BF5 /* WARequestHandler.m */ = {isa = PBXFileReference; fileEncoding = 4; lastKnownFileType = sourcecode.c.objc; name = WARequestHandler.m; path = Source/WARequestHandler.m; sourceTree = "<group>"; };
		E2D88B5C12B2FE2400219BF5 /* WAResponse.h */ = {isa = PBXFileReference; fileEncoding = 4; lastKnownFileType = sourcecode.c.h; name = WAResponse.h; path = Source/WAResponse.h; sourceTree = "<group>"; };
		E2D88B5D12B2FE2400219BF5 /* WAResponse.m */ = {isa = PBXFileReference; fileEncoding = 4; lastKnownFileType = sourcecode.c.objc; name = WAResponse.m; path = Source/WAResponse.m; sourceTree = "<group>"; };
		E2D88B5E12B2FE2400219BF5 /* WARoute.h */ = {isa = PBXFileReference; fileEncoding = 4; lastKnownFileType = sourcecode.c.h; name = WARoute.h; path = Source/WARoute.h; sourceTree = "<group>"; };
		E2D88B5F12B2FE2400219BF5 /* WARoute.m */ = {isa = PBXFileReference; fileEncoding = 4; lastKnownFileType = sourcecode.c.objc; name = WARoute.m; path = Source/WARoute.m; sourceTree = "<group>"; };
		E2D88B6012B2FE2400219BF5 /* WAServer.h */ = {isa = PBXFileReference; fileEncoding = 4; lastKnownFileType = sourcecode.c.h; name = WAServer.h; path = Source/WAServer.h; sourceTree = "<group>"; };
		E2D88B6112B2FE2400219BF5 /* WAServer.m */ = {isa = PBXFileReference; fileEncoding = 4; lastKnownFileType = sourcecode.c.objc; name = WAServer.m; path = Source/WAServer.m; sourceTree = "<group>"; };
		E2D88B7D12B2FE5E00219BF5 /* Foundation.framework */ = {isa = PBXFileReference; lastKnownFileType = wrapper.framework; name = Foundation.framework; path = System/Library/Frameworks/Foundation.framework; sourceTree = SDKROOT; };
		E2D88B8112B2FE6500219BF5 /* CoreFoundation.framework */ = {isa = PBXFileReference; lastKnownFileType = wrapper.framework; name = CoreFoundation.framework; path = System/Library/Frameworks/CoreFoundation.framework; sourceTree = SDKROOT; };
		E2D88B8712B2FE7300219BF5 /* CoreServices.framework */ = {isa = PBXFileReference; lastKnownFileType = wrapper.framework; name = CoreServices.framework; path = System/Library/Frameworks/CoreServices.framework; sourceTree = SDKROOT; };
		E2D88B9012B2FE8100219BF5 /* WebAppKit.h */ = {isa = PBXFileReference; fileEncoding = 4; lastKnownFileType = sourcecode.c.h; name = WebAppKit.h; path = Source/WebAppKit.h; sourceTree = "<group>"; };
		E2E876C512B3167400558845 /* WADirectoryHandler.h */ = {isa = PBXFileReference; fileEncoding = 4; lastKnownFileType = sourcecode.c.h; name = WADirectoryHandler.h; path = Source/WADirectoryHandler.h; sourceTree = "<group>"; };
		E2E876C612B3167400558845 /* WADirectoryHandler.m */ = {isa = PBXFileReference; fileEncoding = 4; lastKnownFileType = sourcecode.c.objc; name = WADirectoryHandler.m; path = Source/WADirectoryHandler.m; sourceTree = "<group>"; };
		E2E877AD12B3CC3900558845 /* WAStaticFileHandler.h */ = {isa = PBXFileReference; fileEncoding = 4; lastKnownFileType = sourcecode.c.h; name = WAStaticFileHandler.h; path = Source/WAStaticFileHandler.h; sourceTree = "<group>"; };
		E2E877AE12B3CC3900558845 /* WAStaticFileHandler.m */ = {isa = PBXFileReference; fileEncoding = 4; lastKnownFileType = sourcecode.c.objc; name = WAStaticFileHandler.m; path = Source/WAStaticFileHandler.m; sourceTree = "<group>"; };
		E2EAEED012B986A500097E0B /* WATemplate.h */ = {isa = PBXFileReference; fileEncoding = 4; lastKnownFileType = sourcecode.c.h; name = WATemplate.h; path = Source/WATemplate.h; sourceTree = "<group>"; };
		E2EAEED112B986A500097E0B /* WATemplate.m */ = {isa = PBXFileReference; fileEncoding = 4; lastKnownFileType = sourcecode.c.objc; name = WATemplate.m; path = Source/WATemplate.m; sourceTree = "<group>"; };
		E2EAF09112B9AB2600097E0B /* WACoreDataExtras.h */ = {isa = PBXFileReference; fileEncoding = 4; lastKnownFileType = sourcecode.c.h; name = WACoreDataExtras.h; path = Source/WACoreDataExtras.h; sourceTree = "<group>"; };
		E2EAF09212B9AB2600097E0B /* WACoreDataExtras.m */ = {isa = PBXFileReference; fileEncoding = 4; lastKnownFileType = sourcecode.c.objc; name = WACoreDataExtras.m; path = Source/WACoreDataExtras.m; sourceTree = "<group>"; };
		E2EAF09812B9AB4800097E0B /* CoreData.framework */ = {isa = PBXFileReference; lastKnownFileType = wrapper.framework; name = CoreData.framework; path = System/Library/Frameworks/CoreData.framework; sourceTree = SDKROOT; };
		E2EAF1C112BADEE600097E0B /* WASession.h */ = {isa = PBXFileReference; fileEncoding = 4; lastKnownFileType = sourcecode.c.h; name = WASession.h; path = Source/WASession.h; sourceTree = "<group>"; };
		E2EAF1C212BADEE600097E0B /* WASession.m */ = {isa = PBXFileReference; fileEncoding = 4; lastKnownFileType = sourcecode.c.objc; name = WASession.m; path = Source/WASession.m; sourceTree = "<group>"; };
		E2EAF1C512BAE00B00097E0B /* WACookie.h */ = {isa = PBXFileReference; fileEncoding = 4; lastKnownFileType = sourcecode.c.h; name = WACookie.h; path = Source/WACookie.h; sourceTree = "<group>"; };
		E2EAF1C612BAE00B00097E0B /* WACookie.m */ = {isa = PBXFileReference; fileEncoding = 4; lastKnownFileType = sourcecode.c.objc; name = WACookie.m; path = Source/WACookie.m; sourceTree = "<group>"; };
		E2F4F39012DB669F0058342E /* WAHTTPSupport.h */ = {isa = PBXFileReference; fileEncoding = 4; lastKnownFileType = sourcecode.c.h; path = WAHTTPSupport.h; sourceTree = "<group>"; };
		E2F4F39112DB669F0058342E /* WAHTTPSupport.m */ = {isa = PBXFileReference; fileEncoding = 4; lastKnownFileType = sourcecode.c.objc; path = WAHTTPSupport.m; sourceTree = "<group>"; };
/* End PBXFileReference section */

/* Begin PBXFrameworksBuildPhase section */
		8DC2EF560486A6940098B216 /* Frameworks */ = {
			isa = PBXFrameworksBuildPhase;
			buildActionMask = 2147483647;
			files = (
				E2D88B7E12B2FE5E00219BF5 /* Foundation.framework in Frameworks */,
				E2D88B8212B2FE6500219BF5 /* CoreFoundation.framework in Frameworks */,
				E2D88B8812B2FE7300219BF5 /* CoreServices.framework in Frameworks */,
				E2EAF09912B9AB4800097E0B /* CoreData.framework in Frameworks */,
				E21D233212BC5E6A00277F2E /* libsqlite3.dylib in Frameworks */,
				E21702C312C9286800DCE8FD /* libicucore.dylib in Frameworks */,
				E260B0FA12CCB99F0084FC05 /* libcrypto.dylib in Frameworks */,
				E264E06E12FA302D007AD73A /* libupskirt.a in Frameworks */,
				E20B1A27131F252600948E4B /* JavaScriptCore.framework in Frameworks */,
			);
			runOnlyForDeploymentPostprocessing = 0;
		};
/* End PBXFrameworksBuildPhase section */

/* Begin PBXGroup section */
		034768DFFF38A50411DB9C8B /* Products */ = {
			isa = PBXGroup;
			children = (
				8DC2EF5B0486A6940098B216 /* WebAppKit.framework */,
			);
			name = Products;
			sourceTree = "<group>";
		};
		0867D691FE84028FC02AAC07 /* WebApp */ = {
			isa = PBXGroup;
			children = (
				08FB77AEFE84172EC02AAC07 /* Classes */,
				32C88DFF0371C24200C91783 /* Other Sources */,
				089C1665FE841158C02AAC07 /* Resources */,
				0867D69AFE84028FC02AAC07 /* External Frameworks and Libraries */,
				034768DFFF38A50411DB9C8B /* Products */,
			);
			name = WebApp;
			sourceTree = "<group>";
		};
		0867D69AFE84028FC02AAC07 /* External Frameworks and Libraries */ = {
			isa = PBXGroup;
			children = (
				E20B188A131F242500948E4B /* Libraries */,
				1058C7B0FEA5585E11CA2CBB /* Apple Frameworks */,
				E20B1A23131F245000948E4B /* Third-party Frameworks */,
			);
			name = "External Frameworks and Libraries";
			sourceTree = "<group>";
		};
		089C1665FE841158C02AAC07 /* Resources */ = {
			isa = PBXGroup;
			children = (
				8DC2EF5A0486A6940098B216 /* Info.plist */,
				E26154D612B3CCED0040B002 /* 404.html */,
				E241AF3613285591009ED0B2 /* Exception.wat */,
			);
			path = Resources;
			sourceTree = "<group>";
		};
		08FB77AEFE84172EC02AAC07 /* Classes */ = {
			isa = PBXGroup;
			children = (
				E2E8778D12B3C61800558845 /* Server */,
				E2DA8B2D12D2634700B1EDE8 /* Transaction */,
				E275C40F12E84FDF00462191 /* Multipart */,
				E2E877AC12B3CC1D00558845 /* Request Handlers */,
				E2DA8B2B12D2633100B1EDE8 /* Categories */,
				E2DA8B2E12D2635F00B1EDE8 /* Application */,
				E2DA8B2F12D2638E00B1EDE8 /* Templates */,
				E21D234212BC606300277F2E /* Cookies */,
				E262BE4212D7941100A8A4B4 /* Modules */,
				E264E05E12FA300B007AD73A /* Markdown */,
				E2B7A15912C3AC0D006BA324 /* WAJSON.h */,
				E2B7A15A12C3AC0D006BA324 /* WAJSON.m */,
				E21D22AF12BC53CE00277F2E /* WAUtilities.h */,
				E21D22B012BC53CE00277F2E /* WAUtilities.m */,
			);
			name = Classes;
			sourceTree = "<group>";
		};
		1058C7B0FEA5585E11CA2CBB /* Apple Frameworks */ = {
			isa = PBXGroup;
			children = (
				E2EAF09812B9AB4800097E0B /* CoreData.framework */,
				E2D88B7D12B2FE5E00219BF5 /* Foundation.framework */,
				E2D88B8112B2FE6500219BF5 /* CoreFoundation.framework */,
				E2D88B8712B2FE7300219BF5 /* CoreServices.framework */,
				E20B1A26131F252600948E4B /* JavaScriptCore.framework */,
			);
			name = "Apple Frameworks";
			sourceTree = "<group>";
		};
		32C88DFF0371C24200C91783 /* Other Sources */ = {
			isa = PBXGroup;
			children = (
				E2D88B9012B2FE8100219BF5 /* WebAppKit.h */,
				32DBCF5E0370ADEE00C91783 /* WebAppKit_Prefix.pch */,
				E2CF9601135B93F8009BA912 /* TFStringScanner */,
				E21D231612BC5D4500277F2E /* FMDatabase */,
				E21702C812C92C5800DCE8FD /* TFRegex */,
				E2D88B4F12B2FE2400219BF5 /* AsyncSocket */,
			);
			name = "Other Sources";
			sourceTree = "<group>";
		};
		E20B188A131F242500948E4B /* Libraries */ = {
			isa = PBXGroup;
			children = (
				E260B0F912CCB99F0084FC05 /* libcrypto.dylib */,
				E21702C212C9286800DCE8FD /* libicucore.dylib */,
				E21D233112BC5E6A00277F2E /* libsqlite3.dylib */,
			);
			name = Libraries;
			sourceTree = "<group>";
		};
		E20B1A23131F245000948E4B /* Third-party Frameworks */ = {
			isa = PBXGroup;
			children = (
			);
			name = "Third-party Frameworks";
			sourceTree = "<group>";
		};
		E21702C812C92C5800DCE8FD /* TFRegex */ = {
			isa = PBXGroup;
			children = (
				E21702C912C92C5800DCE8FD /* TFRegex.h */,
				E21702CA12C92C5800DCE8FD /* TFRegex.m */,
			);
			path = TFRegex;
			sourceTree = "<group>";
		};
		E21D231612BC5D4500277F2E /* FMDatabase */ = {
			isa = PBXGroup;
			children = (
				E21D231712BC5D4500277F2E /* FMDatabase.h */,
				E21D231812BC5D4500277F2E /* FMDatabase.m */,
				E21D231912BC5D4500277F2E /* FMDatabaseAdditions.h */,
				E21D231A12BC5D4500277F2E /* FMDatabaseAdditions.m */,
				E21D231B12BC5D4500277F2E /* FMResultSet.h */,
				E21D231C12BC5D4500277F2E /* FMResultSet.m */,
			);
			path = FMDatabase;
			sourceTree = "<group>";
		};
		E21D234212BC606300277F2E /* Cookies */ = {
			isa = PBXGroup;
			children = (
				E2EAF1C512BAE00B00097E0B /* WACookie.h */,
				E2EAF1C612BAE00B00097E0B /* WACookie.m */,
				E227EC3312D3B67600C9B669 /* WASessionGenerator.h */,
				E227EC3412D3B67600C9B669 /* WASessionGenerator.m */,
				E2EAF1C112BADEE600097E0B /* WASession.h */,
				E2EAF1C212BADEE600097E0B /* WASession.m */,
				E227EC3712D3B7EF00C9B669 /* SQLite Sessions */,
				E227ED3112D3C1A700C9B669 /* Cookie Sessions */,
			);
			name = Cookies;
			sourceTree = "<group>";
		};
		E227EC3712D3B7EF00C9B669 /* SQLite Sessions */ = {
			isa = PBXGroup;
			children = (
				E227EC6612D3BA1B00C9B669 /* WASQLiteSessionGenerator.h */,
				E227EC6712D3BA1B00C9B669 /* WASQLiteSessionGenerator.m */,
				E227EC4312D3B82F00C9B669 /* WASQLiteSession.h */,
				E227EC4412D3B82F00C9B669 /* WASQLiteSession.m */,
			);
			name = "SQLite Sessions";
			sourceTree = "<group>";
		};
		E227ED3112D3C1A700C9B669 /* Cookie Sessions */ = {
			isa = PBXGroup;
			children = (
				E227ED3212D3C1C800C9B669 /* WACookieSessionGenerator.h */,
				E227ED3312D3C1C800C9B669 /* WACookieSessionGenerator.m */,
				E227ED3612D3C1D000C9B669 /* WACookieSession.h */,
				E227ED3712D3C1D000C9B669 /* WACookieSession.m */,
			);
			name = "Cookie Sessions";
			sourceTree = "<group>";
		};
		E262BE4212D7941100A8A4B4 /* Modules */ = {
			isa = PBXGroup;
			children = (
				E262BE4712D7958D00A8A4B4 /* WAModuleManager.h */,
				E262BE4812D7958D00A8A4B4 /* WAModuleManager.m */,
				E262BE4E12D797D100A8A4B4 /* WAModule.h */,
				E262BE4F12D797D100A8A4B4 /* WAModule.m */,
			);
			name = Modules;
			sourceTree = "<group>";
		};
		E264E05E12FA300B007AD73A /* Markdown */ = {
			isa = PBXGroup;
			children = (
				E264E07012FA3030007AD73A /* libupskirt */,
				E264E06112FA3020007AD73A /* WAHTMLMarkdownFormatter.h */,
				E264E06212FA3020007AD73A /* WAHTMLMarkdownFormatter.m */,
				E264E06312FA3020007AD73A /* WAMarkdown.h */,
				E264E06412FA3020007AD73A /* WAMarkdown.m */,
				E264E06512FA3020007AD73A /* WAMarkdownParser.h */,
				E264E06612FA3020007AD73A /* WAMarkdownParser.m */,
			);
			name = Markdown;
			sourceTree = "<group>";
		};
		E264E07012FA3030007AD73A /* libupskirt */ = {
			isa = PBXGroup;
			children = (
				E264E07312FA303A007AD73A /* buffer.h */,
				E264E07412FA303A007AD73A /* markdown.h */,
				E264E06D12FA302D007AD73A /* libupskirt.a */,
			);
			name = libupskirt;
			sourceTree = "<group>";
		};
		E275C40F12E84FDF00462191 /* Multipart */ = {
			isa = PBXGroup;
			children = (
				E275C2CE12E7B43000462191 /* WAMultipartReader.h */,
				E275C2CF12E7B43000462191 /* WAMultipartReader.m */,
				E275C2D212E7BEA900462191 /* WAMultipartPart.h */,
				E275C2D312E7BEA900462191 /* WAMultipartPart.m */,
			);
			name = Multipart;
			sourceTree = "<group>";
		};
		E2CF95EB135B9108009BA912 /* TL */ = {
			isa = PBXGroup;
			children = (
				E2CF961E135B99F9009BA912 /* TL.h */,
				E2CF961F135B99F9009BA912 /* TL.m */,
				E2CF9632135B99F9009BA912 /* TLScope.h */,
				E2CF9633135B99F9009BA912 /* TLScope.m */,
				E2CF9607135B9430009BA912 /* Statements */,
				E2CF9608135B943B009BA912 /* Expressions */,
			);
			name = TL;
			sourceTree = "<group>";
		};
		E2CF9601135B93F8009BA912 /* TFStringScanner */ = {
			isa = PBXGroup;
			children = (
				E2CF9602135B93F8009BA912 /* TFStringScanner.h */,
				E2CF9603135B93F8009BA912 /* TFStringScanner.m */,
			);
			name = TFStringScanner;
			path = Source/TFStringScanner;
			sourceTree = "<group>";
		};
		E2CF9607135B9430009BA912 /* Statements */ = {
			isa = PBXGroup;
			children = (
				E2CF9634135B99F9009BA912 /* TLStatement.h */,
				E2CF9635135B99F9009BA912 /* TLStatement.m */,
				E2CF9622135B99F9009BA912 /* TLCompoundStatement.h */,
				E2CF9623135B99F9009BA912 /* TLCompoundStatement.m */,
				E2CF9628135B99F9009BA912 /* TLForeachLoop.h */,
				E2CF9629135B99F9009BA912 /* TLForeachLoop.m */,
				E2CF9624135B99F9009BA912 /* TLConditional.h */,
				E2CF9625135B99F9009BA912 /* TLConditional.m */,
				E2CF9620135B99F9009BA912 /* TLAssignment.h */,
				E2CF9621135B99F9009BA912 /* TLAssignment.m */,
				E2CF9636135B99F9009BA912 /* TLWhileLoop.h */,
				E2CF9637135B99F9009BA912 /* TLWhileLoop.m */,
			);
			name = Statements;
			sourceTree = "<group>";
		};
		E2CF9608135B943B009BA912 /* Expressions */ = {
			isa = PBXGroup;
			children = (
				E2CF9626135B99F9009BA912 /* TLExpression.h */,
				E2CF9627135B99F9009BA912 /* TLExpression.m */,
				E2CF962E135B99F9009BA912 /* TLObject.h */,
				E2CF962F135B99F9009BA912 /* TLObject.m */,
				E2CF962A135B99F9009BA912 /* TLIdentifier.h */,
				E2CF962B135B99F9009BA912 /* TLIdentifier.m */,
				E2CF9630135B99F9009BA912 /* TLOperation.h */,
				E2CF9631135B99F9009BA912 /* TLOperation.m */,
				E2CF962C135B99F9009BA912 /* TLMethodInvocation.h */,
				E2CF962D135B99F9009BA912 /* TLMethodInvocation.m */,
			);
			name = Expressions;
			sourceTree = "<group>";
		};
		E2D88B4F12B2FE2400219BF5 /* AsyncSocket */ = {
			isa = PBXGroup;
			children = (
				E2D88B5012B2FE2400219BF5 /* AsyncSocket.h */,
				E2D88B5112B2FE2400219BF5 /* AsyncSocket.m */,
			);
			name = AsyncSocket;
			path = Source/AsyncSocket;
			sourceTree = "<group>";
		};
		E2DA8B2B12D2633100B1EDE8 /* Categories */ = {
			isa = PBXGroup;
			children = (
				E2D88B5212B2FE2400219BF5 /* WAFoundationExtras.h */,
				E2D88B5312B2FE2400219BF5 /* WAFoundationExtras.m */,
				E2EAF09112B9AB2600097E0B /* WACoreDataExtras.h */,
				E2EAF09212B9AB2600097E0B /* WACoreDataExtras.m */,
			);
			name = Categories;
			sourceTree = "<group>";
		};
		E2DA8B2D12D2634700B1EDE8 /* Transaction */ = {
			isa = PBXGroup;
			children = (
				E2D88B5812B2FE2400219BF5 /* WARequest.h */,
				E2D88B5912B2FE2400219BF5 /* WARequest.m */,
				E2D88B5C12B2FE2400219BF5 /* WAResponse.h */,
				E2D88B5D12B2FE2400219BF5 /* WAResponse.m */,
				E2F4F39012DB669F0058342E /* WAHTTPSupport.h */,
				E2F4F39112DB669F0058342E /* WAHTTPSupport.m */,
				E275C41112E84FF100462191 /* WAUploadedFile.h */,
				E275C41212E84FF100462191 /* WAUploadedFile.m */,
			);
			name = Transaction;
			sourceTree = "<group>";
		};
		E2DA8B2E12D2635F00B1EDE8 /* Application */ = {
			isa = PBXGroup;
			children = (
				E2D88B5412B2FE2400219BF5 /* WAApplication.h */,
				E2D88B5512B2FE2400219BF5 /* WAApplication.m */,
				E2D88B5E12B2FE2400219BF5 /* WARoute.h */,
				E2D88B5F12B2FE2400219BF5 /* WARoute.m */,
			);
			name = Application;
			sourceTree = "<group>";
		};
		E2DA8B2F12D2638E00B1EDE8 /* Templates */ = {
			isa = PBXGroup;
			children = (
				E2CF95EB135B9108009BA912 /* TL */,
				E2EAEED012B986A500097E0B /* WATemplate.h */,
				E2EAEED112B986A500097E0B /* WATemplate.m */,
				E21E76A812C03DC80082E402 /* WALocalization.h */,
				E21E76A912C03DC80082E402 /* WALocalization.m */,
			);
			name = Templates;
			sourceTree = "<group>";
		};
		E2E8778D12B3C61800558845 /* Server */ = {
			isa = PBXGroup;
			children = (
				E2D88B6012B2FE2400219BF5 /* WAServer.h */,
				E2D88B6112B2FE2400219BF5 /* WAServer.m */,
				E2D88B5612B2FE2400219BF5 /* WAServerConnection.h */,
				E2D88B5712B2FE2400219BF5 /* WAServerConnection.m */,
			);
			name = Server;
			sourceTree = "<group>";
		};
		E2E877AC12B3CC1D00558845 /* Request Handlers */ = {
			isa = PBXGroup;
			children = (
				E2D88B5A12B2FE2400219BF5 /* WARequestHandler.h */,
				E2D88B5B12B2FE2400219BF5 /* WARequestHandler.m */,
				E2E876C512B3167400558845 /* WADirectoryHandler.h */,
				E2E876C612B3167400558845 /* WADirectoryHandler.m */,
				E2E877AD12B3CC3900558845 /* WAStaticFileHandler.h */,
				E2E877AE12B3CC3900558845 /* WAStaticFileHandler.m */,
				93961C8313340DD90067A07A /* WARedirectHandler.h */,
				93961C8413340DD90067A07A /* WARedirectHandler.m */,
			);
			name = "Request Handlers";
			sourceTree = "<group>";
		};
/* End PBXGroup section */

/* Begin PBXHeadersBuildPhase section */
		8DC2EF500486A6940098B216 /* Headers */ = {
			isa = PBXHeadersBuildPhase;
			buildActionMask = 2147483647;
			files = (
				E2D88B6212B2FE2400219BF5 /* AsyncSocket.h in Headers */,
				E2D88B6412B2FE2400219BF5 /* WAFoundationExtras.h in Headers */,
				E2D88B6612B2FE2400219BF5 /* WAApplication.h in Headers */,
				E2D88B6812B2FE2400219BF5 /* WAServerConnection.h in Headers */,
				E2D88B6A12B2FE2400219BF5 /* WARequest.h in Headers */,
				E2D88B6C12B2FE2400219BF5 /* WARequestHandler.h in Headers */,
				E2D88B6E12B2FE2400219BF5 /* WAResponse.h in Headers */,
				E2D88B7012B2FE2400219BF5 /* WARoute.h in Headers */,
				E2D88B7212B2FE2400219BF5 /* WAServer.h in Headers */,
				E2D88B9112B2FE8100219BF5 /* WebAppKit.h in Headers */,
				E2E876C712B3167400558845 /* WADirectoryHandler.h in Headers */,
				E2E877AF12B3CC3900558845 /* WAStaticFileHandler.h in Headers */,
				E2EAEED212B986A500097E0B /* WATemplate.h in Headers */,
				E2EAF09312B9AB2600097E0B /* WACoreDataExtras.h in Headers */,
				E2EAF1C312BADEE600097E0B /* WASession.h in Headers */,
				E2EAF1C712BAE00B00097E0B /* WACookie.h in Headers */,
				E21D22B112BC53CE00277F2E /* WAUtilities.h in Headers */,
				E21D231D12BC5D4500277F2E /* FMDatabase.h in Headers */,
				E21D231F12BC5D4500277F2E /* FMDatabaseAdditions.h in Headers */,
				E21D232112BC5D4500277F2E /* FMResultSet.h in Headers */,
				E21E76AA12C03DC80082E402 /* WALocalization.h in Headers */,
				E2B7A15B12C3AC0D006BA324 /* WAJSON.h in Headers */,
				E21702CB12C92C5800DCE8FD /* TFRegex.h in Headers */,
				E227EC3512D3B67600C9B669 /* WASessionGenerator.h in Headers */,
				E227EC4512D3B82F00C9B669 /* WASQLiteSession.h in Headers */,
				E227EC6812D3BA1B00C9B669 /* WASQLiteSessionGenerator.h in Headers */,
				E227ED3412D3C1C800C9B669 /* WACookieSessionGenerator.h in Headers */,
				E227ED3812D3C1D000C9B669 /* WACookieSession.h in Headers */,
				E262BE4912D7958D00A8A4B4 /* WAModuleManager.h in Headers */,
				E262BE5012D797D100A8A4B4 /* WAModule.h in Headers */,
				E2F4F39212DB669F0058342E /* WAHTTPSupport.h in Headers */,
				E275C2D012E7B43000462191 /* WAMultipartReader.h in Headers */,
				E275C2D412E7BEA900462191 /* WAMultipartPart.h in Headers */,
				E275C41312E84FF100462191 /* WAUploadedFile.h in Headers */,
				E264E06712FA3020007AD73A /* WAHTMLMarkdownFormatter.h in Headers */,
				E264E06912FA3020007AD73A /* WAMarkdown.h in Headers */,
				E264E06B12FA3020007AD73A /* WAMarkdownParser.h in Headers */,
				E264E07512FA303A007AD73A /* buffer.h in Headers */,
				E264E07612FA303A007AD73A /* markdown.h in Headers */,
				93961C8513340DD90067A07A /* WARedirectHandler.h in Headers */,
				E2CF9604135B93F8009BA912 /* TFStringScanner.h in Headers */,
				E2CF9638135B99F9009BA912 /* TL.h in Headers */,
				E2CF963A135B99F9009BA912 /* TLAssignment.h in Headers */,
				E2CF963C135B99F9009BA912 /* TLCompoundStatement.h in Headers */,
				E2CF963E135B99F9009BA912 /* TLConditional.h in Headers */,
				E2CF9640135B99F9009BA912 /* TLExpression.h in Headers */,
				E2CF9642135B99F9009BA912 /* TLForeachLoop.h in Headers */,
				E2CF9644135B99F9009BA912 /* TLIdentifier.h in Headers */,
				E2CF9646135B99F9009BA912 /* TLMethodInvocation.h in Headers */,
				E2CF9648135B99F9009BA912 /* TLObject.h in Headers */,
				E2CF964A135B99F9009BA912 /* TLOperation.h in Headers */,
				E2CF964C135B99F9009BA912 /* TLScope.h in Headers */,
				E2CF964E135B99F9009BA912 /* TLStatement.h in Headers */,
				E2CF9650135B99F9009BA912 /* TLWhileLoop.h in Headers */,
			);
			runOnlyForDeploymentPostprocessing = 0;
		};
/* End PBXHeadersBuildPhase section */

/* Begin PBXNativeTarget section */
		8DC2EF4F0486A6940098B216 /* WebAppKit */ = {
			isa = PBXNativeTarget;
			buildConfigurationList = 1DEB91AD08733DA50010E9CD /* Build configuration list for PBXNativeTarget "WebAppKit" */;
			buildPhases = (
				8DC2EF500486A6940098B216 /* Headers */,
				8DC2EF520486A6940098B216 /* Resources */,
				8DC2EF540486A6940098B216 /* Sources */,
				8DC2EF560486A6940098B216 /* Frameworks */,
				E2EAEF0F12B98D9300097E0B /* Copy Frameworks */,
				E2A2D17313271B5E00B17E55 /* Set version to git commit date */,
			);
			buildRules = (
			);
			dependencies = (
			);
			name = WebAppKit;
			productInstallPath = "$(HOME)/Library/Frameworks";
			productName = WebApp;
			productReference = 8DC2EF5B0486A6940098B216 /* WebAppKit.framework */;
			productType = "com.apple.product-type.framework";
		};
/* End PBXNativeTarget section */

/* Begin PBXProject section */
		0867D690FE84028FC02AAC07 /* Project object */ = {
			isa = PBXProject;
			buildConfigurationList = 1DEB91B108733DA50010E9CD /* Build configuration list for PBXProject "WebAppKit" */;
			compatibilityVersion = "Xcode 3.1";
			developmentRegion = English;
			hasScannedForEncodings = 1;
			knownRegions = (
				English,
				Japanese,
				French,
				German,
			);
			mainGroup = 0867D691FE84028FC02AAC07 /* WebApp */;
			productRefGroup = 034768DFFF38A50411DB9C8B /* Products */;
			projectDirPath = "";
			projectRoot = "";
			targets = (
				8DC2EF4F0486A6940098B216 /* WebAppKit */,
			);
		};
/* End PBXProject section */

/* Begin PBXResourcesBuildPhase section */
		8DC2EF520486A6940098B216 /* Resources */ = {
			isa = PBXResourcesBuildPhase;
			buildActionMask = 2147483647;
			files = (
				E26154D712B3CCED0040B002 /* 404.html in Resources */,
				E241AF3713285591009ED0B2 /* Exception.wat in Resources */,
			);
			runOnlyForDeploymentPostprocessing = 0;
		};
/* End PBXResourcesBuildPhase section */

/* Begin PBXShellScriptBuildPhase section */
		E2A2D17313271B5E00B17E55 /* Set version to git commit date */ = {
			isa = PBXShellScriptBuildPhase;
			buildActionMask = 2147483647;
			files = (
			);
			inputPaths = (
			);
			name = "Set version to git commit date";
			outputPaths = (
			);
			runOnlyForDeploymentPostprocessing = 0;
			shellPath = /bin/sh;
			shellScript = "PATH=$PATH:/usr/local/git/bin\ncd \"$PROJECT_DIR\"\n\nTIMESTAMP=`git show --summary --format=\"format:%ct\"`\nDATE=`date -j -f \"%s\" $TIMESTAMP +\"%Y%m%d\"`\ndefaults write \"$BUILT_PRODUCTS_DIR/$WRAPPER_NAME/Resources/Info\" CFBundleShortVersionString \"$DATE\"";
		};
/* End PBXShellScriptBuildPhase section */

/* Begin PBXSourcesBuildPhase section */
		8DC2EF540486A6940098B216 /* Sources */ = {
			isa = PBXSourcesBuildPhase;
			buildActionMask = 2147483647;
			files = (
				E2D88B6312B2FE2400219BF5 /* AsyncSocket.m in Sources */,
				E2D88B6512B2FE2400219BF5 /* WAFoundationExtras.m in Sources */,
				E2D88B6712B2FE2400219BF5 /* WAApplication.m in Sources */,
				E2D88B6912B2FE2400219BF5 /* WAServerConnection.m in Sources */,
				E2D88B6B12B2FE2400219BF5 /* WARequest.m in Sources */,
				E2D88B6D12B2FE2400219BF5 /* WARequestHandler.m in Sources */,
				E2D88B6F12B2FE2400219BF5 /* WAResponse.m in Sources */,
				E2D88B7112B2FE2400219BF5 /* WARoute.m in Sources */,
				E2D88B7312B2FE2400219BF5 /* WAServer.m in Sources */,
				E2E876C812B3167400558845 /* WADirectoryHandler.m in Sources */,
				E2E877B012B3CC3900558845 /* WAStaticFileHandler.m in Sources */,
				E2EAEED312B986A500097E0B /* WATemplate.m in Sources */,
				E2EAF09412B9AB2600097E0B /* WACoreDataExtras.m in Sources */,
				E2EAF1C412BADEE600097E0B /* WASession.m in Sources */,
				E2EAF1C812BAE00B00097E0B /* WACookie.m in Sources */,
				E21D22B212BC53CE00277F2E /* WAUtilities.m in Sources */,
				E21D231E12BC5D4500277F2E /* FMDatabase.m in Sources */,
				E21D232012BC5D4500277F2E /* FMDatabaseAdditions.m in Sources */,
				E21D232212BC5D4500277F2E /* FMResultSet.m in Sources */,
				E21E76AB12C03DC80082E402 /* WALocalization.m in Sources */,
				E2B7A15C12C3AC0D006BA324 /* WAJSON.m in Sources */,
				E21702CC12C92C5800DCE8FD /* TFRegex.m in Sources */,
				E227EC3612D3B67600C9B669 /* WASessionGenerator.m in Sources */,
				E227EC4612D3B82F00C9B669 /* WASQLiteSession.m in Sources */,
				E227EC6912D3BA1B00C9B669 /* WASQLiteSessionGenerator.m in Sources */,
				E227ED3512D3C1C800C9B669 /* WACookieSessionGenerator.m in Sources */,
				E227ED3912D3C1D000C9B669 /* WACookieSession.m in Sources */,
				E262BE4A12D7958D00A8A4B4 /* WAModuleManager.m in Sources */,
				E262BE5112D797D100A8A4B4 /* WAModule.m in Sources */,
				E2F4F39312DB669F0058342E /* WAHTTPSupport.m in Sources */,
				E275C2D112E7B43000462191 /* WAMultipartReader.m in Sources */,
				E275C2D512E7BEA900462191 /* WAMultipartPart.m in Sources */,
				E275C41412E84FF100462191 /* WAUploadedFile.m in Sources */,
				E264E06812FA3020007AD73A /* WAHTMLMarkdownFormatter.m in Sources */,
				E264E06A12FA3020007AD73A /* WAMarkdown.m in Sources */,
				E264E06C12FA3020007AD73A /* WAMarkdownParser.m in Sources */,
				93961C8613340DD90067A07A /* WARedirectHandler.m in Sources */,
				E2CF9605135B93F8009BA912 /* TFStringScanner.m in Sources */,
				E2CF9639135B99F9009BA912 /* TL.m in Sources */,
				E2CF963B135B99F9009BA912 /* TLAssignment.m in Sources */,
				E2CF963D135B99F9009BA912 /* TLCompoundStatement.m in Sources */,
				E2CF963F135B99F9009BA912 /* TLConditional.m in Sources */,
				E2CF9641135B99F9009BA912 /* TLExpression.m in Sources */,
				E2CF9643135B99F9009BA912 /* TLForeachLoop.m in Sources */,
				E2CF9645135B99F9009BA912 /* TLIdentifier.m in Sources */,
				E2CF9647135B99F9009BA912 /* TLMethodInvocation.m in Sources */,
				E2CF9649135B99F9009BA912 /* TLObject.m in Sources */,
				E2CF964B135B99F9009BA912 /* TLOperation.m in Sources */,
				E2CF964D135B99F9009BA912 /* TLScope.m in Sources */,
				E2CF964F135B99F9009BA912 /* TLStatement.m in Sources */,
				E2CF9651135B99F9009BA912 /* TLWhileLoop.m in Sources */,
			);
			runOnlyForDeploymentPostprocessing = 0;
		};
/* End PBXSourcesBuildPhase section */

/* Begin XCBuildConfiguration section */
		1DEB91AE08733DA50010E9CD /* Debug */ = {
			isa = XCBuildConfiguration;
			buildSettings = {
				ALWAYS_SEARCH_USER_PATHS = NO;
				COPY_PHASE_STRIP = NO;
				DEPLOYMENT_LOCATION = NO;
				DSTROOT = /;
				DYLIB_COMPATIBILITY_VERSION = 1;
				DYLIB_CURRENT_VERSION = 1;
				FRAMEWORK_SEARCH_PATHS = (
					"$(inherited)",
					"\"$(SRCROOT)/Frameworks\"",
				);
				FRAMEWORK_VERSION = A;
				GCC_DYNAMIC_NO_PIC = NO;
				GCC_ENABLE_FIX_AND_CONTINUE = YES;
				GCC_MODEL_TUNING = G5;
				GCC_OPTIMIZATION_LEVEL = 0;
				GCC_PRECOMPILE_PREFIX_HEADER = YES;
				GCC_PREFIX_HEADER = WebAppKit_Prefix.pch;
				INFOPLIST_FILE = Info.plist;
				INSTALL_PATH = "@loader_path/../Frameworks";
				LIBRARY_SEARCH_PATHS = (
					"$(inherited)",
					"\"$(SRCROOT)/Source/Markdown\"",
				);
				ONLY_ACTIVE_ARCH = NO;
				PRODUCT_NAME = WebAppKit;
				VALID_ARCHS = "i386 x86_64";
				WARNING_CFLAGS = (
					"-Wno-parentheses",
					"-Wno-unused",
				);
				WRAPPER_EXTENSION = framework;
			};
			name = Debug;
		};
		1DEB91AF08733DA50010E9CD /* Release */ = {
			isa = XCBuildConfiguration;
			buildSettings = {
				ALWAYS_SEARCH_USER_PATHS = NO;
				DEBUG_INFORMATION_FORMAT = "dwarf-with-dsym";
				DEPLOYMENT_LOCATION = NO;
				DSTROOT = /;
				DYLIB_COMPATIBILITY_VERSION = 1;
				DYLIB_CURRENT_VERSION = 1;
				FRAMEWORK_SEARCH_PATHS = (
					"$(inherited)",
					"\"$(SRCROOT)/Frameworks\"",
				);
				FRAMEWORK_VERSION = A;
				GCC_MODEL_TUNING = G5;
				GCC_PRECOMPILE_PREFIX_HEADER = YES;
				GCC_PREFIX_HEADER = WebAppKit_Prefix.pch;
				INFOPLIST_FILE = Info.plist;
				INSTALL_PATH = "@loader_path/../Frameworks";
				LIBRARY_SEARCH_PATHS = (
					"$(inherited)",
					"\"$(SRCROOT)/Source/Markdown\"",
				);
				PRODUCT_NAME = WebAppKit;
				WARNING_CFLAGS = (
					"-Wno-parentheses",
					"-Wno-unused",
				);
				WRAPPER_EXTENSION = framework;
			};
			name = Release;
		};
		1DEB91B208733DA50010E9CD /* Debug */ = {
			isa = XCBuildConfiguration;
			buildSettings = {
				ARCHS = "$(ARCHS_STANDARD_32_64_BIT)";
				DEPLOYMENT_LOCATION = YES;
				DSTROOT = /;
				GCC_C_LANGUAGE_STANDARD = gnu99;
				GCC_ENABLE_OBJC_GC = required;
				GCC_OPTIMIZATION_LEVEL = 0;
				GCC_VERSION = com.apple.compilers.llvm.clang.1_0;
				GCC_WARN_ABOUT_RETURN_TYPE = YES;
				GCC_WARN_UNUSED_VARIABLE = YES;
				ONLY_ACTIVE_ARCH = YES;
				PREBINDING = NO;
				SDKROOT = macosx10.6;
			};
			name = Debug;
		};
		1DEB91B308733DA50010E9CD /* Release */ = {
			isa = XCBuildConfiguration;
			buildSettings = {
				ARCHS = "$(ARCHS_STANDARD_32_64_BIT)";
				DEPLOYMENT_LOCATION = NO;
				DSTROOT = /;
				GCC_C_LANGUAGE_STANDARD = gnu99;
				GCC_ENABLE_OBJC_GC = required;
				GCC_VERSION = com.apple.compilers.llvm.clang.1_0;
				GCC_WARN_ABOUT_RETURN_TYPE = YES;
				GCC_WARN_UNUSED_VARIABLE = YES;
				INSTALL_PATH = "";
				PREBINDING = NO;
				SDKROOT = macosx10.6;
				VALID_ARCHS = "i386 x86_64";
			};
			name = Release;
		};
/* End XCBuildConfiguration section */

/* Begin XCConfigurationList section */
		1DEB91AD08733DA50010E9CD /* Build configuration list for PBXNativeTarget "WebAppKit" */ = {
			isa = XCConfigurationList;
			buildConfigurations = (
				1DEB91AE08733DA50010E9CD /* Debug */,
				1DEB91AF08733DA50010E9CD /* Release */,
			);
			defaultConfigurationIsVisible = 0;
			defaultConfigurationName = Release;
		};
		1DEB91B108733DA50010E9CD /* Build configuration list for PBXProject "WebAppKit" */ = {
			isa = XCConfigurationList;
			buildConfigurations = (
				1DEB91B208733DA50010E9CD /* Debug */,
				1DEB91B308733DA50010E9CD /* Release */,
			);
			defaultConfigurationIsVisible = 0;
			defaultConfigurationName = Release;
		};
/* End XCConfigurationList section */
	};
	rootObject = 0867D690FE84028FC02AAC07 /* Project object */;
}
